
Microsoft Visual Studio Solution File, Format Version 12.00
# Visual Studio Version 17
VisualStudioVersion = 17.4.33205.214
MinimumVisualStudioVersion = 10.0.40219.1
Project("{9A19103F-16F7-4668-BE54-9A1E7A4F7556}") = "01_DataTypes", "01_DataTypes\01_DataTypes.csproj", "{C38DB455-9A8B-4F26-848B-BA4BA487343F}"
EndProject
Project("{FAE04EC0-301F-11D3-BF4B-00C04F79EFBC}") = "02_ConditionsAndStatements", "02_ConditionsAndStatements\02_ConditionsAndStatements.csproj", "{43884627-4D85-4ECC-A9D5-1A623F15D5A8}"
EndProject
Project("{FAE04EC0-301F-11D3-BF4B-00C04F79EFBC}") = "03_Loops", "03_Loops\03_Loops.csproj", "{6B2A46D6-C388-4C33-B2AB-5195499F09B9}"
EndProject
Global
	GlobalSection(SolutionConfigurationPlatforms) = preSolution
		Debug|Any CPU = Debug|Any CPU
		Release|Any CPU = Release|Any CPU
	EndGlobalSection
	GlobalSection(ProjectConfigurationPlatforms) = postSolution
		{C38DB455-9A8B-4F26-848B-BA4BA487343F}.Debug|Any CPU.ActiveCfg = Debug|Any CPU
		{C38DB455-9A8B-4F26-848B-BA4BA487343F}.Debug|Any CPU.Build.0 = Debug|Any CPU
		{C38DB455-9A8B-4F26-848B-BA4BA487343F}.Release|Any CPU.ActiveCfg = Release|Any CPU
		{C38DB455-9A8B-4F26-848B-BA4BA487343F}.Release|Any CPU.Build.0 = Release|Any CPU
		{43884627-4D85-4ECC-A9D5-1A623F15D5A8}.Debug|Any CPU.ActiveCfg = Debug|Any CPU
		{43884627-4D85-4ECC-A9D5-1A623F15D5A8}.Debug|Any CPU.Build.0 = Debug|Any CPU
		{43884627-4D85-4ECC-A9D5-1A623F15D5A8}.Release|Any CPU.ActiveCfg = Release|Any CPU
		{43884627-4D85-4ECC-A9D5-1A623F15D5A8}.Release|Any CPU.Build.0 = Release|Any CPU
		{6B2A46D6-C388-4C33-B2AB-5195499F09B9}.Debug|Any CPU.ActiveCfg = Debug|Any CPU
		{6B2A46D6-C388-4C33-B2AB-5195499F09B9}.Debug|Any CPU.Build.0 = Debug|Any CPU
		{6B2A46D6-C388-4C33-B2AB-5195499F09B9}.Release|Any CPU.ActiveCfg = Release|Any CPU
		{6B2A46D6-C388-4C33-B2AB-5195499F09B9}.Release|Any CPU.Build.0 = Release|Any CPU
	EndGlobalSection
	GlobalSection(SolutionProperties) = preSolution
		HideSolutionNode = FALSE
	EndGlobalSection
	GlobalSection(ExtensibilityGlobals) = postSolution
		SolutionGuid = {F930AD3E-5FDD-4C74-992B-E5C1236C9B78}
	EndGlobalSection
EndGlobal
