
Microsoft Visual Studio Solution File, Format Version 12.00
# Visual Studio Version 17
VisualStudioVersion = 17.4.33205.214
MinimumVisualStudioVersion = 10.0.40219.1
Project("{FAE04EC0-301F-11D3-BF4B-00C04F79EFBC}") = "WpfApp_Pages", "WpfApp_Pages\WpfApp_Pages.csproj", "{ABD3567D-5EFC-4F74-AAF9-3A3E31824704}"
EndProject
Project("{FAE04EC0-301F-11D3-BF4B-00C04F79EFBC}") = "WpfApp_MVVM", "WpfApp_MVVM\WpfApp_MVVM.csproj", "{24FC1FD8-CABD-4072-BF40-AF1617268E62}"
EndProject
Project("{FAE04EC0-301F-11D3-BF4B-00C04F79EFBC}") = "SmartSystem_WpfApp", "SmartSystem_WpfApp\SmartSystem_WpfApp.csproj", "{35DCC8C8-4F7E-43B3-AB3D-01480B8D63DF}"
EndProject
Global
	GlobalSection(SolutionConfigurationPlatforms) = preSolution
		Debug|Any CPU = Debug|Any CPU
		Release|Any CPU = Release|Any CPU
	EndGlobalSection
	GlobalSection(ProjectConfigurationPlatforms) = postSolution
		{ABD3567D-5EFC-4F74-AAF9-3A3E31824704}.Debug|Any CPU.ActiveCfg = Debug|Any CPU
		{ABD3567D-5EFC-4F74-AAF9-3A3E31824704}.Debug|Any CPU.Build.0 = Debug|Any CPU
		{ABD3567D-5EFC-4F74-AAF9-3A3E31824704}.Release|Any CPU.ActiveCfg = Release|Any CPU
		{ABD3567D-5EFC-4F74-AAF9-3A3E31824704}.Release|Any CPU.Build.0 = Release|Any CPU
		{24FC1FD8-CABD-4072-BF40-AF1617268E62}.Debug|Any CPU.ActiveCfg = Debug|Any CPU
		{24FC1FD8-CABD-4072-BF40-AF1617268E62}.Debug|Any CPU.Build.0 = Debug|Any CPU
		{24FC1FD8-CABD-4072-BF40-AF1617268E62}.Release|Any CPU.ActiveCfg = Release|Any CPU
		{24FC1FD8-CABD-4072-BF40-AF1617268E62}.Release|Any CPU.Build.0 = Release|Any CPU
		{35DCC8C8-4F7E-43B3-AB3D-01480B8D63DF}.Debug|Any CPU.ActiveCfg = Debug|Any CPU
		{35DCC8C8-4F7E-43B3-AB3D-01480B8D63DF}.Debug|Any CPU.Build.0 = Debug|Any CPU
		{35DCC8C8-4F7E-43B3-AB3D-01480B8D63DF}.Release|Any CPU.ActiveCfg = Release|Any CPU
		{35DCC8C8-4F7E-43B3-AB3D-01480B8D63DF}.Release|Any CPU.Build.0 = Release|Any CPU
	EndGlobalSection
	GlobalSection(SolutionProperties) = preSolution
		HideSolutionNode = FALSE
	EndGlobalSection
	GlobalSection(ExtensibilityGlobals) = postSolution
		SolutionGuid = {BA77DD64-1EB2-48E9-AA7E-78A35481504E}
	EndGlobalSection
EndGlobal
